// !$*UTF8*$!
{
	archiveVersion = 1;
	classes = {
	};
	objectVersion = 50;
	objects = {

/* Begin PBXBuildFile section */
		772E01B320E4F97D00CAD327 /* EventTableViewCell.swift in Sources */ = {isa = PBXBuildFile; fileRef = 772E01B220E4F97D00CAD327 /* EventTableViewCell.swift */; };
		775DA0BD20E4E82F002815D4 /* AppDelegate.swift in Sources */ = {isa = PBXBuildFile; fileRef = 775DA0BC20E4E82F002815D4 /* AppDelegate.swift */; };
		775DA0BF20E4E830002815D4 /* ViewController.swift in Sources */ = {isa = PBXBuildFile; fileRef = 775DA0BE20E4E830002815D4 /* ViewController.swift */; };
		775DA0C220E4E830002815D4 /* Main.storyboard in Resources */ = {isa = PBXBuildFile; fileRef = 775DA0C020E4E830002815D4 /* Main.storyboard */; };
		775DA0C420E4E843002815D4 /* Assets.xcassets in Resources */ = {isa = PBXBuildFile; fileRef = 775DA0C320E4E843002815D4 /* Assets.xcassets */; };
		775DA0C720E4E843002815D4 /* LaunchScreen.storyboard in Resources */ = {isa = PBXBuildFile; fileRef = 775DA0C520E4E843002815D4 /* LaunchScreen.storyboard */; };
		775DA0CF20E4ED0D002815D4 /* FSCalendarScopeViewController.swift in Sources */ = {isa = PBXBuildFile; fileRef = 775DA0CE20E4ED0C002815D4 /* FSCalendarScopeViewController.swift */; };
		C86B9304034CC1DF90E8C432 /* Pods_FSCalendarDemo.framework in Frameworks */ = {isa = PBXBuildFile; fileRef = 1CEFFAB2D13E5CCBA1AB864D /* Pods_FSCalendarDemo.framework */; };
/* End PBXBuildFile section */

/* Begin PBXFileReference section */
		1CEFFAB2D13E5CCBA1AB864D /* Pods_FSCalendarDemo.framework */ = {isa = PBXFileReference; explicitFileType = wrapper.framework; includeInIndex = 0; path = Pods_FSCalendarDemo.framework; sourceTree = BUILT_PRODUCTS_DIR; };
		4F26A1A52D5C93F4AD2C9AB8 /* Pods-FSCalendarDemo.debug.xcconfig */ = {isa = PBXFileReference; includeInIndex = 1; lastKnownFileType = text.xcconfig; name = "Pods-FSCalendarDemo.debug.xcconfig"; path = "Pods/Target Support Files/Pods-FSCalendarDemo/Pods-FSCalendarDemo.debug.xcconfig"; sourceTree = "<group>"; };
		62BE1DA4A6952E021ECE352A /* Pods-FSCalendarDemo.release.xcconfig */ = {isa = PBXFileReference; includeInIndex = 1; lastKnownFileType = text.xcconfig; name = "Pods-FSCalendarDemo.release.xcconfig"; path = "Pods/Target Support Files/Pods-FSCalendarDemo/Pods-FSCalendarDemo.release.xcconfig"; sourceTree = "<group>"; };
		772E01B220E4F97D00CAD327 /* EventTableViewCell.swift */ = {isa = PBXFileReference; lastKnownFileType = sourcecode.swift; path = EventTableViewCell.swift; sourceTree = "<group>"; };
		775DA0B920E4E82F002815D4 /* FSCalendarDemo.app */ = {isa = PBXFileReference; explicitFileType = wrapper.application; includeInIndex = 0; path = FSCalendarDemo.app; sourceTree = BUILT_PRODUCTS_DIR; };
		775DA0BC20E4E82F002815D4 /* AppDelegate.swift */ = {isa = PBXFileReference; lastKnownFileType = sourcecode.swift; path = AppDelegate.swift; sourceTree = "<group>"; };
		775DA0BE20E4E830002815D4 /* ViewController.swift */ = {isa = PBXFileReference; lastKnownFileType = sourcecode.swift; path = ViewController.swift; sourceTree = "<group>"; };
		775DA0C120E4E830002815D4 /* Base */ = {isa = PBXFileReference; lastKnownFileType = file.storyboard; name = Base; path = Base.lproj/Main.storyboard; sourceTree = "<group>"; };
		775DA0C320E4E843002815D4 /* Assets.xcassets */ = {isa = PBXFileReference; lastKnownFileType = folder.assetcatalog; path = Assets.xcassets; sourceTree = "<group>"; };
		775DA0C620E4E843002815D4 /* Base */ = {isa = PBXFileReference; lastKnownFileType = file.storyboard; name = Base; path = Base.lproj/LaunchScreen.storyboard; sourceTree = "<group>"; };
		775DA0C820E4E843002815D4 /* Info.plist */ = {isa = PBXFileReference; lastKnownFileType = text.plist.xml; path = Info.plist; sourceTree = "<group>"; };
		775DA0CE20E4ED0C002815D4 /* FSCalendarScopeViewController.swift */ = {isa = PBXFileReference; fileEncoding = 4; lastKnownFileType = sourcecode.swift; path = FSCalendarScopeViewController.swift; sourceTree = "<group>"; };
/* End PBXFileReference section */

/* Begin PBXFrameworksBuildPhase section */
		775DA0B620E4E82F002815D4 /* Frameworks */ = {
			isa = PBXFrameworksBuildPhase;
			buildActionMask = 2147483647;
			files = (
				C86B9304034CC1DF90E8C432 /* Pods_FSCalendarDemo.framework in Frameworks */,
			);
			runOnlyForDeploymentPostprocessing = 0;
		};
/* End PBXFrameworksBuildPhase section */

/* Begin PBXGroup section */
		4CB5854EF6A7F0CC538D8BB0 /* Frameworks */ = {
			isa = PBXGroup;
			children = (
				1CEFFAB2D13E5CCBA1AB864D /* Pods_FSCalendarDemo.framework */,
			);
			name = Frameworks;
			sourceTree = "<group>";
		};
		6F5E20C3080A4E402763C0F4 /* Pods */ = {
			isa = PBXGroup;
			children = (
				4F26A1A52D5C93F4AD2C9AB8 /* Pods-FSCalendarDemo.debug.xcconfig */,
				62BE1DA4A6952E021ECE352A /* Pods-FSCalendarDemo.release.xcconfig */,
			);
			name = Pods;
			sourceTree = "<group>";
		};
		775DA0B020E4E82F002815D4 = {
			isa = PBXGroup;
			children = (
				775DA0BB20E4E82F002815D4 /* FSCalendarDemo */,
				775DA0BA20E4E82F002815D4 /* Products */,
				6F5E20C3080A4E402763C0F4 /* Pods */,
				4CB5854EF6A7F0CC538D8BB0 /* Frameworks */,
			);
			sourceTree = "<group>";
		};
		775DA0BA20E4E82F002815D4 /* Products */ = {
			isa = PBXGroup;
			children = (
				775DA0B920E4E82F002815D4 /* FSCalendarDemo.app */,
			);
			name = Products;
			sourceTree = "<group>";
		};
		775DA0BB20E4E82F002815D4 /* FSCalendarDemo */ = {
			isa = PBXGroup;
			children = (
				775DA0BC20E4E82F002815D4 /* AppDelegate.swift */,
				775DA0CE20E4ED0C002815D4 /* FSCalendarScopeViewController.swift */,
				772E01B220E4F97D00CAD327 /* EventTableViewCell.swift */,
				775DA0BE20E4E830002815D4 /* ViewController.swift */,
				775DA0C020E4E830002815D4 /* Main.storyboard */,
				775DA0C320E4E843002815D4 /* Assets.xcassets */,
				775DA0C520E4E843002815D4 /* LaunchScreen.storyboard */,
				775DA0C820E4E843002815D4 /* Info.plist */,
			);
			path = FSCalendarDemo;
			sourceTree = "<group>";
		};
/* End PBXGroup section */

/* Begin PBXNativeTarget section */
		775DA0B820E4E82F002815D4 /* FSCalendarDemo */ = {
			isa = PBXNativeTarget;
			buildConfigurationList = 775DA0CB20E4E843002815D4 /* Build configuration list for PBXNativeTarget "FSCalendarDemo" */;
			buildPhases = (
				C04461BF831401E57EEB1BFE /* [CP] Check Pods Manifest.lock */,
				775DA0B520E4E82F002815D4 /* Sources */,
				775DA0B620E4E82F002815D4 /* Frameworks */,
				775DA0B720E4E82F002815D4 /* Resources */,
				4476DCC7B1C62DB2C3164480 /* [CP] Embed Pods Frameworks */,
			);
			buildRules = (
			);
			dependencies = (
			);
			name = FSCalendarDemo;
			productName = FSCalendarDemo;
			productReference = 775DA0B920E4E82F002815D4 /* FSCalendarDemo.app */;
			productType = "com.apple.product-type.application";
		};
/* End PBXNativeTarget section */

/* Begin PBXProject section */
		775DA0B120E4E82F002815D4 /* Project object */ = {
			isa = PBXProject;
			attributes = {
				LastSwiftUpdateCheck = 0930;
				LastUpgradeCheck = 0930;
				ORGANIZATIONNAME = "SMSCountry Network Pvt.Ltd";
				TargetAttributes = {
					775DA0B820E4E82F002815D4 = {
						CreatedOnToolsVersion = 9.3;
					};
				};
			};
			buildConfigurationList = 775DA0B420E4E82F002815D4 /* Build configuration list for PBXProject "FSCalendarDemo" */;
			compatibilityVersion = "Xcode 9.3";
			developmentRegion = en;
			hasScannedForEncodings = 0;
			knownRegions = (
				en,
				Base,
			);
			mainGroup = 775DA0B020E4E82F002815D4;
			productRefGroup = 775DA0BA20E4E82F002815D4 /* Products */;
			projectDirPath = "";
			projectRoot = "";
			targets = (
				775DA0B820E4E82F002815D4 /* FSCalendarDemo */,
			);
		};
/* End PBXProject section */

/* Begin PBXResourcesBuildPhase section */
		775DA0B720E4E82F002815D4 /* Resources */ = {
			isa = PBXResourcesBuildPhase;
			buildActionMask = 2147483647;
			files = (
				775DA0C720E4E843002815D4 /* LaunchScreen.storyboard in Resources */,
				775DA0C420E4E843002815D4 /* Assets.xcassets in Resources */,
				775DA0C220E4E830002815D4 /* Main.storyboard in Resources */,
			);
			runOnlyForDeploymentPostprocessing = 0;
		};
/* End PBXResourcesBuildPhase section */

/* Begin PBXShellScriptBuildPhase section */
		4476DCC7B1C62DB2C3164480 /* [CP] Embed Pods Frameworks */ = {
			isa = PBXShellScriptBuildPhase;
			buildActionMask = 2147483647;
			files = (
			);
			inputPaths = (
				"${SRCROOT}/Pods/Target Support Files/Pods-FSCalendarDemo/Pods-FSCalendarDemo-frameworks.sh",
				"${BUILT_PRODUCTS_DIR}/FSCalendar/FSCalendar.framework",
			);
			name = "[CP] Embed Pods Frameworks";
			outputPaths = (
				"${TARGET_BUILD_DIR}/${FRAMEWORKS_FOLDER_PATH}/FSCalendar.framework",
			);
			runOnlyForDeploymentPostprocessing = 0;
			shellPath = /bin/sh;
			shellScript = "\"${SRCROOT}/Pods/Target Support Files/Pods-FSCalendarDemo/Pods-FSCalendarDemo-frameworks.sh\"\n";
			showEnvVarsInLog = 0;
		};
		C04461BF831401E57EEB1BFE /* [CP] Check Pods Manifest.lock */ = {
			isa = PBXShellScriptBuildPhase;
			buildActionMask = 2147483647;
			files = (
			);
			inputPaths = (
				"${PODS_PODFILE_DIR_PATH}/Podfile.lock",
				"${PODS_ROOT}/Manifest.lock",
			);
			name = "[CP] Check Pods Manifest.lock";
			outputPaths = (
				"$(DERIVED_FILE_DIR)/Pods-FSCalendarDemo-checkManifestLockResult.txt",
			);
			runOnlyForDeploymentPostprocessing = 0;
			shellPath = /bin/sh;
			shellScript = "diff \"${PODS_PODFILE_DIR_PATH}/Podfile.lock\" \"${PODS_ROOT}/Manifest.lock\" > /dev/null\nif [ $? != 0 ] ; then\n    # print error to STDERR\n    echo \"error: The sandbox is not in sync with the Podfile.lock. Run 'pod install' or update your CocoaPods installation.\" >&2\n    exit 1\nfi\n# This output is used by Xcode 'outputs' to avoid re-running this script phase.\necho \"SUCCESS\" > \"${SCRIPT_OUTPUT_FILE_0}\"\n";
			showEnvVarsInLog = 0;
		};
/* End PBXShellScriptBuildPhase section */

/* Begin PBXSourcesBuildPhase section */
		775DA0B520E4E82F002815D4 /* Sources */ = {
			isa = PBXSourcesBuildPhase;
			buildActionMask = 2147483647;
			files = (
				772E01B320E4F97D00CAD327 /* EventTableViewCell.swift in Sources */,
				775DA0BF20E4E830002815D4 /* ViewController.swift in Sources */,
				775DA0CF20E4ED0D002815D4 /* FSCalendarScopeViewController.swift in Sources */,
				775DA0BD20E4E82F002815D4 /* AppDelegate.swift in Sources */,
			);
			runOnlyForDeploymentPostprocessing = 0;
		};
/* End PBXSourcesBuildPhase section */

/* Begin PBXVariantGroup section */
		775DA0C020E4E830002815D4 /* Main.storyboard */ = {
			isa = PBXVariantGroup;
			children = (
				775DA0C120E4E830002815D4 /* Base */,
			);
			name = Main.storyboard;
			sourceTree = "<group>";
		};
		775DA0C520E4E843002815D4 /* LaunchScreen.storyboard */ = {
			isa = PBXVariantGroup;
			children = (
				775DA0C620E4E843002815D4 /* Base */,
			);
			name = LaunchScreen.storyboard;
			sourceTree = "<group>";
		};
/* End PBXVariantGroup section */

/* Begin XCBuildConfiguration section */
		775DA0C920E4E843002815D4 /* Debug */ = {
			isa = XCBuildConfiguration;
			buildSettings = {
				ALWAYS_SEARCH_USER_PATHS = NO;
				CLANG_ANALYZER_NONNULL = YES;
				CLANG_ANALYZER_NUMBER_OBJECT_CONVERSION = YES_AGGRESSIVE;
				CLANG_CXX_LANGUAGE_STANDARD = "gnu++14";
				CLANG_CXX_LIBRARY = "libc++";
				CLANG_ENABLE_MODULES = YES;
				CLANG_ENABLE_OBJC_ARC = YES;
				CLANG_ENABLE_OBJC_WEAK = YES;
				CLANG_WARN_BLOCK_CAPTURE_AUTORELEASING = YES;
				CLANG_WARN_BOOL_CONVERSION = YES;
				CLANG_WARN_COMMA = YES;
				CLANG_WARN_CONSTANT_CONVERSION = YES;
				CLANG_WARN_DEPRECATED_OBJC_IMPLEMENTATIONS = YES;
				CLANG_WARN_DIRECT_OBJC_ISA_USAGE = YES_ERROR;
				CLANG_WARN_DOCUMENTATION_COMMENTS = YES;
				CLANG_WARN_EMPTY_BODY = YES;
				CLANG_WARN_ENUM_CONVERSION = YES;
				CLANG_WARN_INFINITE_RECURSION = YES;
				CLANG_WARN_INT_CONVERSION = YES;
				CLANG_WARN_NON_LITERAL_NULL_CONVERSION = YES;
				CLANG_WARN_OBJC_IMPLICIT_RETAIN_SELF = YES;
				CLANG_WARN_OBJC_LITERAL_CONVERSION = YES;
				CLANG_WARN_OBJC_ROOT_CLASS = YES_ERROR;
				CLANG_WARN_RANGE_LOOP_ANALYSIS = YES;
				CLANG_WARN_STRICT_PROTOTYPES = YES;
				CLANG_WARN_SUSPICIOUS_MOVE = YES;
				CLANG_WARN_UNGUARDED_AVAILABILITY = YES_AGGRESSIVE;
				CLANG_WARN_UNREACHABLE_CODE = YES;
				CLANG_WARN__DUPLICATE_METHOD_MATCH = YES;
				CODE_SIGN_IDENTITY = "iPhone Developer";
				COPY_PHASE_STRIP = NO;
				DEBUG_INFORMATION_FORMAT = dwarf;
				ENABLE_STRICT_OBJC_MSGSEND = YES;
				ENABLE_TESTABILITY = YES;
				GCC_C_LANGUAGE_STANDARD = gnu11;
				GCC_DYNAMIC_NO_PIC = NO;
				GCC_NO_COMMON_BLOCKS = YES;
				GCC_OPTIMIZATION_LEVEL = 0;
				GCC_PREPROCESSOR_DEFINITIONS = (
					"DEBUG=1",
					"$(inherited)",
				);
				GCC_WARN_64_TO_32_BIT_CONVERSION = YES;
				GCC_WARN_ABOUT_RETURN_TYPE = YES_ERROR;
				GCC_WARN_UNDECLARED_SELECTOR = YES;
				GCC_WARN_UNINITIALIZED_AUTOS = YES_AGGRESSIVE;
				GCC_WARN_UNUSED_FUNCTION = YES;
				GCC_WARN_UNUSED_VARIABLE = YES;
				IPHONEOS_DEPLOYMENT_TARGET = 11.3;
				MTL_ENABLE_DEBUG_INFO = YES;
				ONLY_ACTIVE_ARCH = YES;
				SDKROOT = iphoneos;
				SWIFT_ACTIVE_COMPILATION_CONDITIONS = DEBUG;
				SWIFT_OPTIMIZATION_LEVEL = "-Onone";
			};
			name = Debug;
		};
		775DA0CA20E4E843002815D4 /* Release */ = {
			isa = XCBuildConfiguration;
			buildSettings = {
				ALWAYS_SEARCH_USER_PATHS = NO;
				CLANG_ANALYZER_NONNULL = YES;
				CLANG_ANALYZER_NUMBER_OBJECT_CONVERSION = YES_AGGRESSIVE;
				CLANG_CXX_LANGUAGE_STANDARD = "gnu++14";
				CLANG_CXX_LIBRARY = "libc++";
				CLANG_ENABLE_MODULES = YES;
				CLANG_ENABLE_OBJC_ARC = YES;
				CLANG_ENABLE_OBJC_WEAK = YES;
				CLANG_WARN_BLOCK_CAPTURE_AUTORELEASING = YES;
				CLANG_WARN_BOOL_CONVERSION = YES;
				CLANG_WARN_COMMA = YES;
				CLANG_WARN_CONSTANT_CONVERSION = YES;
				CLANG_WARN_DEPRECATED_OBJC_IMPLEMENTATIONS = YES;
				CLANG_WARN_DIRECT_OBJC_ISA_USAGE = YES_ERROR;
				CLANG_WARN_DOCUMENTATION_COMMENTS = YES;
				CLANG_WARN_EMPTY_BODY = YES;
				CLANG_WARN_ENUM_CONVERSION = YES;
				CLANG_WARN_INFINITE_RECURSION = YES;
				CLANG_WARN_INT_CONVERSION = YES;
				CLANG_WARN_NON_LITERAL_NULL_CONVERSION = YES;
				CLANG_WARN_OBJC_IMPLICIT_RETAIN_SELF = YES;
				CLANG_WARN_OBJC_LITERAL_CONVERSION = YES;
				CLANG_WARN_OBJC_ROOT_CLASS = YES_ERROR;
				CLANG_WARN_RANGE_LOOP_ANALYSIS = YES;
				CLANG_WARN_STRICT_PROTOTYPES = YES;
				CLANG_WARN_SUSPICIOUS_MOVE = YES;
				CLANG_WARN_UNGUARDED_AVAILABILITY = YES_AGGRESSIVE;
				CLANG_WARN_UNREACHABLE_CODE = YES;
				CLANG_WARN__DUPLICATE_METHOD_MATCH = YES;
				CODE_SIGN_IDENTITY = "iPhone Developer";
				COPY_PHASE_STRIP = NO;
				DEBUG_INFORMATION_FORMAT = "dwarf-with-dsym";
				ENABLE_NS_ASSERTIONS = NO;
				ENABLE_STRICT_OBJC_MSGSEND = YES;
				GCC_C_LANGUAGE_STANDARD = gnu11;
				GCC_NO_COMMON_BLOCKS = YES;
				GCC_WARN_64_TO_32_BIT_CONVERSION = YES;
				GCC_WARN_ABOUT_RETURN_TYPE = YES_ERROR;
				GCC_WARN_UNDECLARED_SELECTOR = YES;
				GCC_WARN_UNINITIALIZED_AUTOS = YES_AGGRESSIVE;
				GCC_WARN_UNUSED_FUNCTION = YES;
				GCC_WARN_UNUSED_VARIABLE = YES;
				IPHONEOS_DEPLOYMENT_TARGET = 11.3;
				MTL_ENABLE_DEBUG_INFO = NO;
				SDKROOT = iphoneos;
				SWIFT_COMPILATION_MODE = wholemodule;
				SWIFT_OPTIMIZATION_LEVEL = "-O";
				VALIDATE_PRODUCT = YES;
			};
			name = Release;
		};
		775DA0CC20E4E843002815D4 /* Debug */ = {
			isa = XCBuildConfiguration;
			baseConfigurationReference = 4F26A1A52D5C93F4AD2C9AB8 /* Pods-FSCalendarDemo.debug.xcconfig */;
			buildSettings = {
				ASSETCATALOG_COMPILER_APPICON_NAME = AppIcon;
				CODE_SIGN_STYLE = Automatic;
				DEVELOPMENT_TEAM = 9KFRHG4MU5;
				INFOPLIST_FILE = FSCalendarDemo/Info.plist;
				LD_RUNPATH_SEARCH_PATHS = (
					"$(inherited)",
					"@executable_path/Frameworks",
				);
				PRODUCT_BUNDLE_IDENTIFIER = SMSCountrty.FSCalendarDemo;
				PRODUCT_NAME = "$(TARGET_NAME)";
				SWIFT_VERSION = 4.0;
				TARGETED_DEVICE_FAMILY = "1,2";
			};
			name = Debug;
		};
		775DA0CD20E4E843002815D4 /* Release */ = {
			isa = XCBuildConfiguration;
			baseConfigurationReference = 62BE1DA4A6952E021ECE352A /* Pods-FSCalendarDemo.release.xcconfig */;
			buildSettings = {
				ASSETCATALOG_COMPILER_APPICON_NAME = AppIcon;
				CODE_SIGN_STYLE = Automatic;
				DEVELOPMENT_TEAM = 9KFRHG4MU5;
				INFOPLIST_FILE = FSCalendarDemo/Info.plist;
				LD_RUNPATH_SEARCH_PATHS = (
					"$(inherited)",
					"@executable_path/Frameworks",
				);
				PRODUCT_BUNDLE_IDENTIFIER = SMSCountrty.FSCalendarDemo;
				PRODUCT_NAME = "$(TARGET_NAME)";
				SWIFT_VERSION = 4.0;
				TARGETED_DEVICE_FAMILY = "1,2";
			};
			name = Release;
		};
/* End XCBuildConfiguration section */

/* Begin XCConfigurationList section */
		775DA0B420E4E82F002815D4 /* Build configuration list for PBXProject "FSCalendarDemo" */ = {
			isa = XCConfigurationList;
			buildConfigurations = (
				775DA0C920E4E843002815D4 /* Debug */,
				775DA0CA20E4E843002815D4 /* Release */,
			);
			defaultConfigurationIsVisible = 0;
			defaultConfigurationName = Release;
		};
		775DA0CB20E4E843002815D4 /* Build configuration list for PBXNativeTarget "FSCalendarDemo" */ = {
			isa = XCConfigurationList;
			buildConfigurations = (
				775DA0CC20E4E843002815D4 /* Debug */,
				775DA0CD20E4E843002815D4 /* Release */,
			);
			defaultConfigurationIsVisible = 0;
			defaultConfigurationName = Release;
		};
/* End XCConfigurationList section */
	};
	rootObject = 775DA0B120E4E82F002815D4 /* Project object */;
}
